
Microsoft Visual Studio Solution File, Format Version 12.00
# Visual Studio Version 16
VisualStudioVersion = 16.0.31205.134
MinimumVisualStudioVersion = 10.0.40219.1
Project("{FAE04EC0-301F-11D3-BF4B-00C04F79EFBC}") = "PS_APIGit", "PS_APIGit.csproj", "{DB8E6AC0-F6ED-401D-ADA5-DC2AE76FC31E}"
EndProject
Global
	GlobalSection(SolutionConfigurationPlatforms) = preSolution
		Debug|Any CPU = Debug|Any CPU
		Release|Any CPU = Release|Any CPU
	EndGlobalSection
	GlobalSection(ProjectConfigurationPlatforms) = postSolution
		{DB8E6AC0-F6ED-401D-ADA5-DC2AE76FC31E}.Debug|Any CPU.ActiveCfg = Debug|Any CPU
		{DB8E6AC0-F6ED-401D-ADA5-DC2AE76FC31E}.Debug|Any CPU.Build.0 = Debug|Any CPU
		{DB8E6AC0-F6ED-401D-ADA5-DC2AE76FC31E}.Release|Any CPU.ActiveCfg = Release|Any CPU
		{DB8E6AC0-F6ED-401D-ADA5-DC2AE76FC31E}.Release|Any CPU.Build.0 = Release|Any CPU
	EndGlobalSection
	GlobalSection(SolutionProperties) = preSolution
		HideSolutionNode = FALSE
	EndGlobalSection
	GlobalSection(ExtensibilityGlobals) = postSolution
		SolutionGuid = {3C9F0B02-781B-4950-9220-51F8FB5AD7A5}
	EndGlobalSection
EndGlobal
